// !$*UTF8*$!
{
	archiveVersion = 1;
	classes = {
	};
	objectVersion = 77;
	objects = {

/* Begin PBXContainerItemProxy section */
		FAE4B30B2F96DC8800F39BAE /* PBXContainerItemProxy */ = {
			isa = PBXContainerItemProxy;
			containerPortal = FAE4B2F32F96DC8700F39BAE /* Project object */;
			proxyType = 1;
			remoteGlobalIDString = FAE4B2FA2F96DC8700F39BAE;
			remoteInfo = Sharilka;
		};
		FAE4B3152F96DC8800F39BAE /* PBXContainerItemProxy */ = {
			isa = PBXContainerItemProxy;
			containerPortal = FAE4B2F32F96DC8700F39BAE /* Project object */;
			proxyType = 1;
			remoteGlobalIDString = FAE4B2FA2F96DC8700F39BAE;
			remoteInfo = Sharilka;
		};
/* End PBXContainerItemProxy section */

/* Begin PBXFileReference section */
		FAE4B2FB2F96DC8700F39BAE /* Sharilka.app */ = {isa = PBXFileReference; explicitFileType = wrapper.application; includeInIndex = 0; path = Sharilka.app; sourceTree = BUILT_PRODUCTS_DIR; };
		FAE4B30A2F96DC8800F39BAE /* SharilkaTests.xctest */ = {isa = PBXFileReference; explicitFileType = wrapper.cfbundle; includeInIndex = 0; path = SharilkaTests.xctest; sourceTree = BUILT_PRODUCTS_DIR; };
		FAE4B3142F96DC8800F39BAE /* SharilkaUITests.xctest */ = {isa = PBXFileReference; explicitFileType = wrapper.cfbundle; includeInIndex = 0; path = SharilkaUITests.xctest; sourceTree = BUILT_PRODUCTS_DIR; };
/* End PBXFileReference section */

/* Begin PBXFileSystemSynchronizedRootGroup section */
		FAE4B2FD2F96DC8700F39BAE /* Sharilka */ = {
			isa = PBXFileSystemSynchronizedRootGroup;
			path = Sharilka;
			sourceTree = "<group>";
		};
		FAE4B30D2F96DC8800F39BAE /* SharilkaTests */ = {
			isa = PBXFileSystemSynchronizedRootGroup;
			path = SharilkaTests;
			sourceTree = "<group>";
		};
		FAE4B3172F96DC8800F39BAE /* SharilkaUITests */ = {
			isa = PBXFileSystemSynchronizedRootGroup;
			path = SharilkaUITests;
			sourceTree = "<group>";
		};
/* End PBXFileSystemSynchronizedRootGroup section */

/* Begin PBXFrameworksBuildPhase section */
		FAE4B2F82F96DC8700F39BAE /* Frameworks */ = {
			isa = PBXFrameworksBuildPhase;
			buildActionMask = 2147483647;
			files = (
			);
			runOnlyForDeploymentPostprocessing = 0;
		};
		FAE4B3072F96DC8800F39BAE /* Frameworks */ = {
			isa = PBXFrameworksBuildPhase;
			buildActionMask = 2147483647;
			files = (
			);
			runOnlyForDeploymentPostprocessing = 0;
		};
		FAE4B3112F96DC8800F39BAE /* Frameworks */ = {
			isa = PBXFrameworksBuildPhase;
			buildActionMask = 2147483647;
			files = (
			);
			runOnlyForDeploymentPostprocessing = 0;
		};
/* End PBXFrameworksBuildPhase section */

/* Begin PBXGroup section */
		FAE4B2F22F96DC8700F39BAE = {
			isa = PBXGroup;
			children = (
				FAE4B2FD2F96DC8700F39BAE /* Sharilka */,
				FAE4B30D2F96DC8800F39BAE /* SharilkaTests */,
				FAE4B3172F96DC8800F39BAE /* SharilkaUITests */,
				FAE4B2FC2F96DC8700F39BAE /* Products */,
			);
			sourceTree = "<group>";
		};
		FAE4B2FC2F96DC8700F39BAE /* Products */ = {
			isa = PBXGroup;
			children = (
				FAE4B2FB2F96DC8700F39BAE /* Sharilka.app */,
				FAE4B30A2F96DC8800F39BAE /* SharilkaTests.xctest */,
				FAE4B3142F96DC8800F39BAE /* SharilkaUITests.xctest */,
			);
			name = Products;
			sourceTree = "<group>";
		};
/* End PBXGroup section */

/* Begin PBXNativeTarget section */
		FAE4B2FA2F96DC8700F39BAE /* Sharilka */ = {
			isa = PBXNativeTarget;
			buildConfigurationList = FAE4B31E2F96DC8800F39BAE /* Build configuration list for PBXNativeTarget "Sharilka" */;
			buildPhases = (
				FAE4B2F72F96DC8700F39BAE /* Sources */,
				FAE4B2F82F96DC8700F39BAE /* Frameworks */,
				FAE4B2F92F96DC8700F39BAE /* Resources */,
			);
			buildRules = (
			);
			dependencies = (
			);
			fileSystemSynchronizedGroups = (
				FAE4B2FD2F96DC8700F39BAE /* Sharilka */,
			);
			name = Sharilka;
			packageProductDependencies = (
			);
			productName = Sharilka;
			productReference = FAE4B2FB2F96DC8700F39BAE /* Sharilka.app */;
			productType = "com.apple.product-type.application";
		};
		FAE4B3092F96DC8800F39BAE /* SharilkaTests */ = {
			isa = PBXNativeTarget;
			buildConfigurationList = FAE4B3212F96DC8800F39BAE /* Build configuration list for PBXNativeTarget "SharilkaTests" */;
			buildPhases = (
				FAE4B3062F96DC8800F39BAE /* Sources */,
				FAE4B3072F96DC8800F39BAE /* Frameworks */,
				FAE4B3082F96DC8800F39BAE /* Resources */,
			);
			buildRules = (
			);
			dependencies = (
				FAE4B30C2F96DC8800F39BAE /* PBXTargetDependency */,
			);
			fileSystemSynchronizedGroups = (
				FAE4B30D2F96DC8800F39BAE /* SharilkaTests */,
			);
			name = SharilkaTests;
			packageProductDependencies = (
			);
			productName = SharilkaTests;
			productReference = FAE4B30A2F96DC8800F39BAE /* SharilkaTests.xctest */;
			productType = "com.apple.product-type.bundle.unit-test";
		};
		FAE4B3132F96DC8800F39BAE /* SharilkaUITests */ = {
			isa = PBXNativeTarget;
			buildConfigurationList = FAE4B3242F96DC8800F39BAE /* Build configuration list for PBXNativeTarget "SharilkaUITests" */;
			buildPhases = (
				FAE4B3102F96DC8800F39BAE /* Sources */,
				FAE4B3112F96DC8800F39BAE /* Frameworks */,
				FAE4B3122F96DC8800F39BAE /* Resources */,
			);
			buildRules = (
			);
			dependencies = (
				FAE4B3162F96DC8800F39BAE /* PBXTargetDependency */,
			);
			fileSystemSynchronizedGroups = (
				FAE4B3172F96DC8800F39BAE /* SharilkaUITests */,
			);
			name = SharilkaUITests;
			packageProductDependencies = (
			);
			productName = SharilkaUITests;
			productReference = FAE4B3142F96DC8800F39BAE /* SharilkaUITests.xctest */;
			productType = "com.apple.product-type.bundle.ui-testing";
		};
/* End PBXNativeTarget section */

/* Begin PBXProject section */
		FAE4B2F32F96DC8700F39BAE /* Project object */ = {
			isa = PBXProject;
			attributes = {
				BuildIndependentTargetsInParallel = 1;
				LastSwiftUpdateCheck = 2640;
				LastUpgradeCheck = 2640;
				TargetAttributes = {
					FAE4B2FA2F96DC8700F39BAE = {
						CreatedOnToolsVersion = 26.4.1;
					};
					FAE4B3092F96DC8800F39BAE = {
						CreatedOnToolsVersion = 26.4.1;
						TestTargetID = FAE4B2FA2F96DC8700F39BAE;
					};
					FAE4B3132F96DC8800F39BAE = {
						CreatedOnToolsVersion = 26.4.1;
						TestTargetID = FAE4B2FA2F96DC8700F39BAE;
					};
				};
			};
			buildConfigurationList = FAE4B2F62F96DC8700F39BAE /* Build configuration list for PBXProject "Sharilka" */;
			developmentRegion = en;
			hasScannedForEncodings = 0;
			knownRegions = (
				en,
				Base,
			);
			mainGroup = FAE4B2F22F96DC8700F39BAE;
			minimizedProjectReferenceProxies = 1;
			preferredProjectObjectVersion = 77;
			productRefGroup = FAE4B2FC2F96DC8700F39BAE /* Products */;
			projectDirPath = "";
			projectRoot = "";
			targets = (
				FAE4B2FA2F96DC8700F39BAE /* Sharilka */,
				FAE4B3092F96DC8800F39BAE /* SharilkaTests */,
				FAE4B3132F96DC8800F39BAE /* SharilkaUITests */,
			);
		};
/* End PBXProject section */

/* Begin PBXResourcesBuildPhase section */
		FAE4B2F92F96DC8700F39BAE /* Resources */ = {
			isa = PBXResourcesBuildPhase;
			buildActionMask = 2147483647;
			files = (
			);
			runOnlyForDeploymentPostprocessing = 0;
		};
		FAE4B3082F96DC8800F39BAE /* Resources */ = {
			isa = PBXResourcesBuildPhase;
			buildActionMask = 2147483647;
			files = (
			);
			runOnlyForDeploymentPostprocessing = 0;
		};
		FAE4B3122F96DC8800F39BAE /* Resources */ = {
			isa = PBXResourcesBuildPhase;
			buildActionMask = 2147483647;
			files = (
			);
			runOnlyForDeploymentPostprocessing = 0;
		};
/* End PBXResourcesBuildPhase section */

/* Begin PBXSourcesBuildPhase section */
		FAE4B2F72F96DC8700F39BAE /* Sources */ = {
			isa = PBXSourcesBuildPhase;
			buildActionMask = 2147483647;
			files = (
			);
			runOnlyForDeploymentPostprocessing = 0;
		};
		FAE4B3062F96DC8800F39BAE /* Sources */ = {
			isa = PBXSourcesBuildPhase;
			buildActionMask = 2147483647;
			files = (
			);
			runOnlyForDeploymentPostprocessing = 0;
		};
		FAE4B3102F96DC8800F39BAE /* Sources */ = {
			isa = PBXSourcesBuildPhase;
			buildActionMask = 2147483647;
			files = (
			);
			runOnlyForDeploymentPostprocessing = 0;
		};
/* End PBXSourcesBuildPhase section */

/* Begin PBXTargetDependency section */
		FAE4B30C2F96DC8800F39BAE /* PBXTargetDependency */ = {
			isa = PBXTargetDependency;
			target = FAE4B2FA2F96DC8700F39BAE /* Sharilka */;
			targetProxy = FAE4B30B2F96DC8800F39BAE /* PBXContainerItemProxy */;
		};
		FAE4B3162F96DC8800F39BAE /* PBXTargetDependency */ = {
			isa = PBXTargetDependency;
			target = FAE4B2FA2F96DC8700F39BAE /* Sharilka */;
			targetProxy = FAE4B3152F96DC8800F39BAE /* PBXContainerItemProxy */;
		};
/* End PBXTargetDependency section */

/* Begin XCBuildConfiguration section */
		FAE4B31C2F96DC8800F39BAE /* Debug */ = {
			isa = XCBuildConfiguration;
			buildSettings = {
				ALWAYS_SEARCH_USER_PATHS = NO;
				ASSETCATALOG_COMPILER_GENERATE_SWIFT_ASSET_SYMBOL_EXTENSIONS = YES;
				CLANG_ANALYZER_NONNULL = YES;
				CLANG_ANALYZER_NUMBER_OBJECT_CONVERSION = YES_AGGRESSIVE;
				CLANG_CXX_LANGUAGE_STANDARD = "gnu++20";
				CLANG_ENABLE_MODULES = YES;
				CLANG_ENABLE_OBJC_ARC = YES;
				CLANG_ENABLE_OBJC_WEAK = YES;
				CLANG_WARN_BLOCK_CAPTURE_AUTORELEASING = YES;
				CLANG_WARN_BOOL_CONVERSION = YES;
				CLANG_WARN_COMMA = YES;
				CLANG_WARN_CONSTANT_CONVERSION = YES;
				CLANG_WARN_DEPRECATED_OBJC_IMPLEMENTATIONS = YES;
				CLANG_WARN_DIRECT_OBJC_ISA_USAGE = YES_ERROR;
				CLANG_WARN_DOCUMENTATION_COMMENTS = YES;
				CLANG_WARN_EMPTY_BODY = YES;
				CLANG_WARN_ENUM_CONVERSION = YES;
				CLANG_WARN_INFINITE_RECURSION = YES;
				CLANG_WARN_INT_CONVERSION = YES;
				CLANG_WARN_NON_LITERAL_NULL_CONVERSION = YES;
				CLANG_WARN_OBJC_IMPLICIT_RETAIN_SELF = YES;
				CLANG_WARN_OBJC_LITERAL_CONVERSION = YES;
				CLANG_WARN_OBJC_ROOT_CLASS = YES_ERROR;
				CLANG_WARN_QUOTED_INCLUDE_IN_FRAMEWORK_HEADER = YES;
				CLANG_WARN_RANGE_LOOP_ANALYSIS = YES;
				CLANG_WARN_STRICT_PROTOTYPES = YES;
				CLANG_WARN_SUSPICIOUS_MOVE = YES;
				CLANG_WARN_UNGUARDED_AVAILABILITY = YES_AGGRESSIVE;
				CLANG_WARN_UNREACHABLE_CODE = YES;
				CLANG_WARN__DUPLICATE_METHOD_MATCH = YES;
				COPY_PHASE_STRIP = NO;
				DEBUG_INFORMATION_FORMAT = dwarf;
				ENABLE_STRICT_OBJC_MSGSEND = YES;
				ENABLE_TESTABILITY = YES;
				ENABLE_USER_SCRIPT_SANDBOXING = YES;
				GCC_C_LANGUAGE_STANDARD = gnu17;
				GCC_DYNAMIC_NO_PIC = NO;
				GCC_NO_COMMON_BLOCKS = YES;
				GCC_OPTIMIZATION_LEVEL = 0;
				GCC_PREPROCESSOR_DEFINITIONS = (
					"DEBUG=1",
					"$(inherited)",
				);
				GCC_WARN_64_TO_32_BIT_CONVERSION = YES;
				GCC_WARN_ABOUT_RETURN_TYPE = YES_ERROR;
				GCC_WARN_UNDECLARED_SELECTOR = YES;
				GCC_WARN_UNINITIALIZED_AUTOS = YES_AGGRESSIVE;
				GCC_WARN_UNUSED_FUNCTION = YES;
				GCC_WARN_UNUSED_VARIABLE = YES;
				LOCALIZATION_PREFERS_STRING_CATALOGS = YES;
				MACOSX_DEPLOYMENT_TARGET = 26.4;
				MTL_ENABLE_DEBUG_INFO = INCLUDE_SOURCE;
				MTL_FAST_MATH = YES;
				ONLY_ACTIVE_ARCH = YES;
				SDKROOT = macosx;
				SWIFT_ACTIVE_COMPILATION_CONDITIONS = "DEBUG $(inherited)";
				SWIFT_OPTIMIZATION_LEVEL = "-Onone";
			};
			name = Debug;
		};
		FAE4B31D2F96DC8800F39BAE /* Release */ = {
			isa = XCBuildConfiguration;
			buildSettings = {
				ALWAYS_SEARCH_USER_PATHS = NO;
				ASSETCATALOG_COMPILER_GENERATE_SWIFT_ASSET_SYMBOL_EXTENSIONS = YES;
				CLANG_ANALYZER_NONNULL = YES;
				CLANG_ANALYZER_NUMBER_OBJECT_CONVERSION = YES_AGGRESSIVE;
				CLANG_CXX_LANGUAGE_STANDARD = "gnu++20";
				CLANG_ENABLE_MODULES = YES;
				CLANG_ENABLE_OBJC_ARC = YES;
				CLANG_ENABLE_OBJC_WEAK = YES;
				CLANG_WARN_BLOCK_CAPTURE_AUTORELEASING = YES;
				CLANG_WARN_BOOL_CONVERSION = YES;
				CLANG_WARN_COMMA = YES;
				CLANG_WARN_CONSTANT_CONVERSION = YES;
				CLANG_WARN_DEPRECATED_OBJC_IMPLEMENTATIONS = YES;
				CLANG_WARN_DIRECT_OBJC_ISA_USAGE = YES_ERROR;
				CLANG_WARN_DOCUMENTATION_COMMENTS = YES;
				CLANG_WARN_EMPTY_BODY = YES;
				CLANG_WARN_ENUM_CONVERSION = YES;
				CLANG_WARN_INFINITE_RECURSION = YES;
				CLANG_WARN_INT_CONVERSION = YES;
				CLANG_WARN_NON_LITERAL_NULL_CONVERSION = YES;
				CLANG_WARN_OBJC_IMPLICIT_RETAIN_SELF = YES;
				CLANG_WARN_OBJC_LITERAL_CONVERSION = YES;
				CLANG_WARN_OBJC_ROOT_CLASS = YES_ERROR;
				CLANG_WARN_QUOTED_INCLUDE_IN_FRAMEWORK_HEADER = YES;
				CLANG_WARN_RANGE_LOOP_ANALYSIS = YES;
				CLANG_WARN_STRICT_PROTOTYPES = YES;
				CLANG_WARN_SUSPICIOUS_MOVE = YES;
				CLANG_WARN_UNGUARDED_AVAILABILITY = YES_AGGRESSIVE;
				CLANG_WARN_UNREACHABLE_CODE = YES;
				CLANG_WARN__DUPLICATE_METHOD_MATCH = YES;
				COPY_PHASE_STRIP = NO;
				DEBUG_INFORMATION_FORMAT = "dwarf-with-dsym";
				ENABLE_NS_ASSERTIONS = NO;
				ENABLE_STRICT_OBJC_MSGSEND = YES;
				ENABLE_USER_SCRIPT_SANDBOXING = YES;
				GCC_C_LANGUAGE_STANDARD = gnu17;
				GCC_NO_COMMON_BLOCKS = YES;
				GCC_WARN_64_TO_32_BIT_CONVERSION = YES;
				GCC_WARN_ABOUT_RETURN_TYPE = YES_ERROR;
				GCC_WARN_UNDECLARED_SELECTOR = YES;
				GCC_WARN_UNINITIALIZED_AUTOS = YES_AGGRESSIVE;
				GCC_WARN_UNUSED_FUNCTION = YES;
				GCC_WARN_UNUSED_VARIABLE = YES;
				LOCALIZATION_PREFERS_STRING_CATALOGS = YES;
				MACOSX_DEPLOYMENT_TARGET = 26.4;
				MTL_ENABLE_DEBUG_INFO = NO;
				MTL_FAST_MATH = YES;
				SDKROOT = macosx;
				SWIFT_COMPILATION_MODE = wholemodule;
			};
			name = Release;
		};
		FAE4B31F2F96DC8800F39BAE /* Debug */ = {
			isa = XCBuildConfiguration;
			buildSettings = {
				ASSETCATALOG_COMPILER_APPICON_NAME = AppIcon;
				ASSETCATALOG_COMPILER_GLOBAL_ACCENT_COLOR_NAME = AccentColor;
				CODE_SIGN_STYLE = Automatic;
				COMBINE_HIDPI_IMAGES = YES;
				CURRENT_PROJECT_VERSION = 1;
				ENABLE_APP_SANDBOX = NO;
				ENABLE_PREVIEWS = YES;
				GENERATE_INFOPLIST_FILE = YES;
				INFOPLIST_KEY_NSHumanReadableCopyright = "";
				LD_RUNPATH_SEARCH_PATHS = (
					"$(inherited)",
					"@executable_path/../Frameworks",
				);
				MARKETING_VERSION = 1.0;
				PRODUCT_BUNDLE_IDENTIFIER = afd.Sharilka;
				PRODUCT_NAME = "$(TARGET_NAME)";
				REGISTER_APP_GROUPS = YES;
				STRING_CATALOG_GENERATE_SYMBOLS = YES;
				SWIFT_APPROACHABLE_CONCURRENCY = YES;
				SWIFT_DEFAULT_ACTOR_ISOLATION = MainActor;
				SWIFT_EMIT_LOC_STRINGS = YES;
				SWIFT_UPCOMING_FEATURE_MEMBER_IMPORT_VISIBILITY = YES;
				SWIFT_VERSION = 5.0;
			};
			name = Debug;
		};
		FAE4B3202F96DC8800F39BAE /* Release */ = {
			isa = XCBuildConfiguration;
			buildSettings = {
				ASSETCATALOG_COMPILER_APPICON_NAME = AppIcon;
				ASSETCATALOG_COMPILER_GLOBAL_ACCENT_COLOR_NAME = AccentColor;
				CODE_SIGN_STYLE = Automatic;
				COMBINE_HIDPI_IMAGES = YES;
				CURRENT_PROJECT_VERSION = 1;
				ENABLE_APP_SANDBOX = NO;
				ENABLE_PREVIEWS = YES;
				GENERATE_INFOPLIST_FILE = YES;
				INFOPLIST_KEY_NSHumanReadableCopyright = "";
				LD_RUNPATH_SEARCH_PATHS = (
					"$(inherited)",
					"@executable_path/../Frameworks",
				);
				MARKETING_VERSION = 1.0;
				PRODUCT_BUNDLE_IDENTIFIER = afd.Sharilka;
				PRODUCT_NAME = "$(TARGET_NAME)";
				REGISTER_APP_GROUPS = YES;
				STRING_CATALOG_GENERATE_SYMBOLS = YES;
				SWIFT_APPROACHABLE_CONCURRENCY = YES;
				SWIFT_DEFAULT_ACTOR_ISOLATION = MainActor;
				SWIFT_EMIT_LOC_STRINGS = YES;
				SWIFT_UPCOMING_FEATURE_MEMBER_IMPORT_VISIBILITY = YES;
				SWIFT_VERSION = 5.0;
			};
			name = Release;
		};
		FAE4B3222F96DC8800F39BAE /* Debug */ = {
			isa = XCBuildConfiguration;
			buildSettings = {
				BUNDLE_LOADER = "$(TEST_HOST)";
				CODE_SIGN_STYLE = Automatic;
				CURRENT_PROJECT_VERSION = 1;
				GENERATE_INFOPLIST_FILE = YES;
				MACOSX_DEPLOYMENT_TARGET = 26.4;
				MARKETING_VERSION = 1.0;
				PRODUCT_BUNDLE_IDENTIFIER = afd.SharilkaTests;
				PRODUCT_NAME = "$(TARGET_NAME)";
				STRING_CATALOG_GENERATE_SYMBOLS = NO;
				SWIFT_APPROACHABLE_CONCURRENCY = YES;
				SWIFT_EMIT_LOC_STRINGS = NO;
				SWIFT_UPCOMING_FEATURE_MEMBER_IMPORT_VISIBILITY = YES;
				SWIFT_VERSION = 5.0;
				TEST_HOST = "$(BUILT_PRODUCTS_DIR)/Sharilka.app/$(BUNDLE_EXECUTABLE_FOLDER_PATH)/Sharilka";
			};
			name = Debug;
		};
		FAE4B3232F96DC8800F39BAE /* Release */ = {
			isa = XCBuildConfiguration;
			buildSettings = {
				BUNDLE_LOADER = "$(TEST_HOST)";
				CODE_SIGN_STYLE = Automatic;
				CURRENT_PROJECT_VERSION = 1;
				GENERATE_INFOPLIST_FILE = YES;
				MACOSX_DEPLOYMENT_TARGET = 26.4;
				MARKETING_VERSION = 1.0;
				PRODUCT_BUNDLE_IDENTIFIER = afd.SharilkaTests;
				PRODUCT_NAME = "$(TARGET_NAME)";
				STRING_CATALOG_GENERATE_SYMBOLS = NO;
				SWIFT_APPROACHABLE_CONCURRENCY = YES;
				SWIFT_EMIT_LOC_STRINGS = NO;
				SWIFT_UPCOMING_FEATURE_MEMBER_IMPORT_VISIBILITY = YES;
				SWIFT_VERSION = 5.0;
				TEST_HOST = "$(BUILT_PRODUCTS_DIR)/Sharilka.app/$(BUNDLE_EXECUTABLE_FOLDER_PATH)/Sharilka";
			};
			name = Release;
		};
		FAE4B3252F96DC8800F39BAE /* Debug */ = {
			isa = XCBuildConfiguration;
			buildSettings = {
				CODE_SIGN_STYLE = Automatic;
				CURRENT_PROJECT_VERSION = 1;
				GENERATE_INFOPLIST_FILE = YES;
				MARKETING_VERSION = 1.0;
				PRODUCT_BUNDLE_IDENTIFIER = afd.SharilkaUITests;
				PRODUCT_NAME = "$(TARGET_NAME)";
				STRING_CATALOG_GENERATE_SYMBOLS = NO;
				SWIFT_APPROACHABLE_CONCURRENCY = YES;
				SWIFT_EMIT_LOC_STRINGS = NO;
				SWIFT_UPCOMING_FEATURE_MEMBER_IMPORT_VISIBILITY = YES;
				SWIFT_VERSION = 5.0;
				TEST_TARGET_NAME = Sharilka;
			};
			name = Debug;
		};
		FAE4B3262F96DC8800F39BAE /* Release */ = {
			isa = XCBuildConfiguration;
			buildSettings = {
				CODE_SIGN_STYLE = Automatic;
				CURRENT_PROJECT_VERSION = 1;
				GENERATE_INFOPLIST_FILE = YES;
				MARKETING_VERSION = 1.0;
				PRODUCT_BUNDLE_IDENTIFIER = afd.SharilkaUITests;
				PRODUCT_NAME = "$(TARGET_NAME)";
				STRING_CATALOG_GENERATE_SYMBOLS = NO;
				SWIFT_APPROACHABLE_CONCURRENCY = YES;
				SWIFT_EMIT_LOC_STRINGS = NO;
				SWIFT_UPCOMING_FEATURE_MEMBER_IMPORT_VISIBILITY = YES;
				SWIFT_VERSION = 5.0;
				TEST_TARGET_NAME = Sharilka;
			};
			name = Release;
		};
/* End XCBuildConfiguration section */

/* Begin XCConfigurationList section */
		FAE4B2F62F96DC8700F39BAE /* Build configuration list for PBXProject "Sharilka" */ = {
			isa = XCConfigurationList;
			buildConfigurations = (
				FAE4B31C2F96DC8800F39BAE /* Debug */,
				FAE4B31D2F96DC8800F39BAE /* Release */,
			);
			defaultConfigurationIsVisible = 0;
			defaultConfigurationName = Release;
		};
		FAE4B31E2F96DC8800F39BAE /* Build configuration list for PBXNativeTarget "Sharilka" */ = {
			isa = XCConfigurationList;
			buildConfigurations = (
				FAE4B31F2F96DC8800F39BAE /* Debug */,
				FAE4B3202F96DC8800F39BAE /* Release */,
			);
			defaultConfigurationIsVisible = 0;
			defaultConfigurationName = Release;
		};
		FAE4B3212F96DC8800F39BAE /* Build configuration list for PBXNativeTarget "SharilkaTests" */ = {
			isa = XCConfigurationList;
			buildConfigurations = (
				FAE4B3222F96DC8800F39BAE /* Debug */,
				FAE4B3232F96DC8800F39BAE /* Release */,
			);
			defaultConfigurationIsVisible = 0;
			defaultConfigurationName = Release;
		};
		FAE4B3242F96DC8800F39BAE /* Build configuration list for PBXNativeTarget "SharilkaUITests" */ = {
			isa = XCConfigurationList;
			buildConfigurations = (
				FAE4B3252F96DC8800F39BAE /* Debug */,
				FAE4B3262F96DC8800F39BAE /* Release */,
			);
			defaultConfigurationIsVisible = 0;
			defaultConfigurationName = Release;
		};
/* End XCConfigurationList section */
	};
	rootObject = FAE4B2F32F96DC8700F39BAE /* Project object */;
}
